
Microsoft Visual Studio Solution File, Format Version 12.00
# Visual Studio Version 17
VisualStudioVersion = 17.8.34525.116
MinimumVisualStudioVersion = 10.0.40219.1
Project("{FAE04EC0-301F-11D3-BF4B-00C04F79EFBC}") = "DZ-01-02 Sleep", "DZ-01-02 Sleep\DZ-01-02 Sleep.csproj", "{AF9BDD1F-7D1B-4210-9585-2FD7A1CA1DA8}"
EndProject
Global
	GlobalSection(SolutionConfigurationPlatforms) = preSolution
		Debug|Any CPU = Debug|Any CPU
		Release|Any CPU = Release|Any CPU
	EndGlobalSection
	GlobalSection(ProjectConfigurationPlatforms) = postSolution
		{AF9BDD1F-7D1B-4210-9585-2FD7A1CA1DA8}.Debug|Any CPU.ActiveCfg = Debug|Any CPU
		{AF9BDD1F-7D1B-4210-9585-2FD7A1CA1DA8}.Debug|Any CPU.Build.0 = Debug|Any CPU
		{AF9BDD1F-7D1B-4210-9585-2FD7A1CA1DA8}.Release|Any CPU.ActiveCfg = Release|Any CPU
		{AF9BDD1F-7D1B-4210-9585-2FD7A1CA1DA8}.Release|Any CPU.Build.0 = Release|Any CPU
	EndGlobalSection
	GlobalSection(SolutionProperties) = preSolution
		HideSolutionNode = FALSE
	EndGlobalSection
	GlobalSection(ExtensibilityGlobals) = postSolution
		SolutionGuid = {455E7F6B-F140-4372-A838-C15734EA5A69}
	EndGlobalSection
EndGlobal
